
Microsoft Visual Studio Solution File, Format Version 12.00
# Visual Studio Version 16
VisualStudioVersion = 16.0.31019.35
MinimumVisualStudioVersion = 10.0.40219.1
Project("{9A19103F-16F7-4668-BE54-9A1E7A4F7556}") = "DymeAndroidService", "DymeAndroidService\DymeAndroidService.csproj", "{1EFF683A-455C-4E88-B8DB-F46B115FC5EC}"
EndProject
Project("{FAE04EC0-301F-11D3-BF4B-00C04F79EFBC}") = "SampleApp.Android", "SampleApp\SampleApp.Android\SampleApp.Android.csproj", "{A062AEED-E52A-4E38-95C8-86D9862B5634}"
EndProject
Project("{9A19103F-16F7-4668-BE54-9A1E7A4F7556}") = "SampleApp", "SampleApp\SampleApp\SampleApp.csproj", "{17F22502-3366-4720-BA8A-077C4AE2CCDB}"
EndProject
Project("{2150E333-8FDC-42A3-9474-1A3956D46DE8}") = "Docs", "Docs", "{3E3D975C-54E6-4086-8E15-BCBE1D6DBD11}"
	ProjectSection(SolutionItems) = preProject
		README.md = README.md
	EndProjectSection
EndProject
Project("{FAE04EC0-301F-11D3-BF4B-00C04F79EFBC}") = "SampleApp2.Android", "SampleApp2\SampleApp2.Android\SampleApp2.Android.csproj", "{521DAAF6-4DCF-4200-996C-4D96634A995B}"
EndProject
Project("{FAE04EC0-301F-11D3-BF4B-00C04F79EFBC}") = "SampleApp2", "SampleApp2\SampleApp2\SampleApp2.csproj", "{98183C27-E2ED-4EBF-BCC7-23134CC12B95}"
EndProject
Global
	GlobalSection(SolutionConfigurationPlatforms) = preSolution
		Debug|Any CPU = Debug|Any CPU
		Debug|iPhone = Debug|iPhone
		Debug|iPhoneSimulator = Debug|iPhoneSimulator
		Release|Any CPU = Release|Any CPU
		Release|iPhone = Release|iPhone
		Release|iPhoneSimulator = Release|iPhoneSimulator
	EndGlobalSection
	GlobalSection(ProjectConfigurationPlatforms) = postSolution
		{1EFF683A-455C-4E88-B8DB-F46B115FC5EC}.Debug|Any CPU.ActiveCfg = Debug|Any CPU
		{1EFF683A-455C-4E88-B8DB-F46B115FC5EC}.Debug|Any CPU.Build.0 = Debug|Any CPU
		{1EFF683A-455C-4E88-B8DB-F46B115FC5EC}.Debug|iPhone.ActiveCfg = Debug|Any CPU
		{1EFF683A-455C-4E88-B8DB-F46B115FC5EC}.Debug|iPhone.Build.0 = Debug|Any CPU
		{1EFF683A-455C-4E88-B8DB-F46B115FC5EC}.Debug|iPhoneSimulator.ActiveCfg = Debug|Any CPU
		{1EFF683A-455C-4E88-B8DB-F46B115FC5EC}.Debug|iPhoneSimulator.Build.0 = Debug|Any CPU
		{1EFF683A-455C-4E88-B8DB-F46B115FC5EC}.Release|Any CPU.ActiveCfg = Release|Any CPU
		{1EFF683A-455C-4E88-B8DB-F46B115FC5EC}.Release|Any CPU.Build.0 = Release|Any CPU
		{1EFF683A-455C-4E88-B8DB-F46B115FC5EC}.Release|iPhone.ActiveCfg = Release|Any CPU
		{1EFF683A-455C-4E88-B8DB-F46B115FC5EC}.Release|iPhone.Build.0 = Release|Any CPU
		{1EFF683A-455C-4E88-B8DB-F46B115FC5EC}.Release|iPhoneSimulator.ActiveCfg = Release|Any CPU
		{1EFF683A-455C-4E88-B8DB-F46B115FC5EC}.Release|iPhoneSimulator.Build.0 = Release|Any CPU
		{A062AEED-E52A-4E38-95C8-86D9862B5634}.Debug|Any CPU.ActiveCfg = Debug|Any CPU
		{A062AEED-E52A-4E38-95C8-86D9862B5634}.Debug|Any CPU.Build.0 = Debug|Any CPU
		{A062AEED-E52A-4E38-95C8-86D9862B5634}.Debug|Any CPU.Deploy.0 = Debug|Any CPU
		{A062AEED-E52A-4E38-95C8-86D9862B5634}.Debug|iPhone.ActiveCfg = Debug|Any CPU
		{A062AEED-E52A-4E38-95C8-86D9862B5634}.Debug|iPhone.Build.0 = Debug|Any CPU
		{A062AEED-E52A-4E38-95C8-86D9862B5634}.Debug|iPhone.Deploy.0 = Debug|Any CPU
		{A062AEED-E52A-4E38-95C8-86D9862B5634}.Debug|iPhoneSimulator.ActiveCfg = Debug|Any CPU
		{A062AEED-E52A-4E38-95C8-86D9862B5634}.Debug|iPhoneSimulator.Build.0 = Debug|Any CPU
		{A062AEED-E52A-4E38-95C8-86D9862B5634}.Debug|iPhoneSimulator.Deploy.0 = Debug|Any CPU
		{A062AEED-E52A-4E38-95C8-86D9862B5634}.Release|Any CPU.ActiveCfg = Release|Any CPU
		{A062AEED-E52A-4E38-95C8-86D9862B5634}.Release|Any CPU.Build.0 = Release|Any CPU
		{A062AEED-E52A-4E38-95C8-86D9862B5634}.Release|Any CPU.Deploy.0 = Release|Any CPU
		{A062AEED-E52A-4E38-95C8-86D9862B5634}.Release|iPhone.ActiveCfg = Release|Any CPU
		{A062AEED-E52A-4E38-95C8-86D9862B5634}.Release|iPhone.Build.0 = Release|Any CPU
		{A062AEED-E52A-4E38-95C8-86D9862B5634}.Release|iPhone.Deploy.0 = Release|Any CPU
		{A062AEED-E52A-4E38-95C8-86D9862B5634}.Release|iPhoneSimulator.ActiveCfg = Release|Any CPU
		{A062AEED-E52A-4E38-95C8-86D9862B5634}.Release|iPhoneSimulator.Build.0 = Release|Any CPU
		{A062AEED-E52A-4E38-95C8-86D9862B5634}.Release|iPhoneSimulator.Deploy.0 = Release|Any CPU
		{17F22502-3366-4720-BA8A-077C4AE2CCDB}.Debug|Any CPU.ActiveCfg = Debug|Any CPU
		{17F22502-3366-4720-BA8A-077C4AE2CCDB}.Debug|Any CPU.Build.0 = Debug|Any CPU
		{17F22502-3366-4720-BA8A-077C4AE2CCDB}.Debug|iPhone.ActiveCfg = Debug|Any CPU
		{17F22502-3366-4720-BA8A-077C4AE2CCDB}.Debug|iPhone.Build.0 = Debug|Any CPU
		{17F22502-3366-4720-BA8A-077C4AE2CCDB}.Debug|iPhoneSimulator.ActiveCfg = Debug|Any CPU
		{17F22502-3366-4720-BA8A-077C4AE2CCDB}.Debug|iPhoneSimulator.Build.0 = Debug|Any CPU
		{17F22502-3366-4720-BA8A-077C4AE2CCDB}.Release|Any CPU.ActiveCfg = Release|Any CPU
		{17F22502-3366-4720-BA8A-077C4AE2CCDB}.Release|Any CPU.Build.0 = Release|Any CPU
		{17F22502-3366-4720-BA8A-077C4AE2CCDB}.Release|iPhone.ActiveCfg = Release|Any CPU
		{17F22502-3366-4720-BA8A-077C4AE2CCDB}.Release|iPhone.Build.0 = Release|Any CPU
		{17F22502-3366-4720-BA8A-077C4AE2CCDB}.Release|iPhoneSimulator.ActiveCfg = Release|Any CPU
		{17F22502-3366-4720-BA8A-077C4AE2CCDB}.Release|iPhoneSimulator.Build.0 = Release|Any CPU
		{521DAAF6-4DCF-4200-996C-4D96634A995B}.Debug|Any CPU.ActiveCfg = Debug|Any CPU
		{521DAAF6-4DCF-4200-996C-4D96634A995B}.Debug|Any CPU.Build.0 = Debug|Any CPU
		{521DAAF6-4DCF-4200-996C-4D96634A995B}.Debug|Any CPU.Deploy.0 = Debug|Any CPU
		{521DAAF6-4DCF-4200-996C-4D96634A995B}.Debug|iPhone.ActiveCfg = Debug|Any CPU
		{521DAAF6-4DCF-4200-996C-4D96634A995B}.Debug|iPhone.Build.0 = Debug|Any CPU
		{521DAAF6-4DCF-4200-996C-4D96634A995B}.Debug|iPhone.Deploy.0 = Debug|Any CPU
		{521DAAF6-4DCF-4200-996C-4D96634A995B}.Debug|iPhoneSimulator.ActiveCfg = Debug|Any CPU
		{521DAAF6-4DCF-4200-996C-4D96634A995B}.Debug|iPhoneSimulator.Build.0 = Debug|Any CPU
		{521DAAF6-4DCF-4200-996C-4D96634A995B}.Debug|iPhoneSimulator.Deploy.0 = Debug|Any CPU
		{521DAAF6-4DCF-4200-996C-4D96634A995B}.Release|Any CPU.ActiveCfg = Release|Any CPU
		{521DAAF6-4DCF-4200-996C-4D96634A995B}.Release|Any CPU.Build.0 = Release|Any CPU
		{521DAAF6-4DCF-4200-996C-4D96634A995B}.Release|Any CPU.Deploy.0 = Release|Any CPU
		{521DAAF6-4DCF-4200-996C-4D96634A995B}.Release|iPhone.ActiveCfg = Release|Any CPU
		{521DAAF6-4DCF-4200-996C-4D96634A995B}.Release|iPhone.Build.0 = Release|Any CPU
		{521DAAF6-4DCF-4200-996C-4D96634A995B}.Release|iPhone.Deploy.0 = Release|Any CPU
		{521DAAF6-4DCF-4200-996C-4D96634A995B}.Release|iPhoneSimulator.ActiveCfg = Release|Any CPU
		{521DAAF6-4DCF-4200-996C-4D96634A995B}.Release|iPhoneSimulator.Build.0 = Release|Any CPU
		{521DAAF6-4DCF-4200-996C-4D96634A995B}.Release|iPhoneSimulator.Deploy.0 = Release|Any CPU
		{98183C27-E2ED-4EBF-BCC7-23134CC12B95}.Debug|Any CPU.ActiveCfg = Debug|Any CPU
		{98183C27-E2ED-4EBF-BCC7-23134CC12B95}.Debug|Any CPU.Build.0 = Debug|Any CPU
		{98183C27-E2ED-4EBF-BCC7-23134CC12B95}.Debug|iPhone.ActiveCfg = Debug|Any CPU
		{98183C27-E2ED-4EBF-BCC7-23134CC12B95}.Debug|iPhone.Build.0 = Debug|Any CPU
		{98183C27-E2ED-4EBF-BCC7-23134CC12B95}.Debug|iPhoneSimulator.ActiveCfg = Debug|Any CPU
		{98183C27-E2ED-4EBF-BCC7-23134CC12B95}.Debug|iPhoneSimulator.Build.0 = Debug|Any CPU
		{98183C27-E2ED-4EBF-BCC7-23134CC12B95}.Release|Any CPU.ActiveCfg = Release|Any CPU
		{98183C27-E2ED-4EBF-BCC7-23134CC12B95}.Release|Any CPU.Build.0 = Release|Any CPU
		{98183C27-E2ED-4EBF-BCC7-23134CC12B95}.Release|iPhone.ActiveCfg = Release|Any CPU
		{98183C27-E2ED-4EBF-BCC7-23134CC12B95}.Release|iPhone.Build.0 = Release|Any CPU
		{98183C27-E2ED-4EBF-BCC7-23134CC12B95}.Release|iPhoneSimulator.ActiveCfg = Release|Any CPU
		{98183C27-E2ED-4EBF-BCC7-23134CC12B95}.Release|iPhoneSimulator.Build.0 = Release|Any CPU
	EndGlobalSection
	GlobalSection(SolutionProperties) = preSolution
		HideSolutionNode = FALSE
	EndGlobalSection
	GlobalSection(ExtensibilityGlobals) = postSolution
		SolutionGuid = {5B428D17-9F87-4E1C-913E-4F4229FFE56A}
	EndGlobalSection
EndGlobal
